# This file was autogenerated by uv via the following command:
#    uv pip compile pyproject.toml
aiohappyeyeballs==2.6.1
    # via aiohttp
aiohttp==3.11.14
    # via
    #   datasets
    #   fsspec
    #   instructor
    #   litellm
    #   together
aiosignal==1.3.2
    # via aiohttp
alembic==1.15.1
    # via
    #   mlflow
    #   optuna
annotated-types==0.7.0
    # via pydantic
anyio==4.9.0
    # via
    #   asyncer
    #   dspy
    #   httpx
    #   jupyter-server
    #   openai
    #   starlette
appnope==0.1.4
    # via ipykernel
argon2-cffi==23.1.0
    # via jupyter-server
argon2-cffi-bindings==21.2.0
    # via argon2-cffi
arrow==1.3.0
    # via isoduration
asttokens==3.0.0
    # via stack-data
async-lru==2.0.5
    # via jupyterlab
asyncer==0.0.8
    # via dspy
attrs==25.3.0
    # via
    #   aiohttp
    #   jsonschema
    #   referencing
babel==2.17.0
    # via jupyterlab-server
backoff==2.2.1
    # via dspy
beautifulsoup4==4.13.3
    # via nbconvert
bleach==6.2.0
    # via nbconvert
blinker==1.9.0
    # via flask
bm25s==0.2.10
    # via dspy-examples (pyproject.toml)
cachetools==5.5.2
    # via
    #   dspy
    #   google-auth
    #   mlflow-skinny
certifi==2025.1.31
    # via
    #   httpcore
    #   httpx
    #   requests
cffi==1.17.1
    # via argon2-cffi-bindings
charset-normalizer==3.4.1
    # via requests
click==8.1.8
    # via
    #   flask
    #   litellm
    #   mlflow-skinny
    #   together
    #   typer
    #   uvicorn
cloudpickle==3.1.1
    # via
    #   dspy
    #   mlflow-skinny
colorlog==6.9.0
    # via optuna
comm==0.2.2
    # via ipykernel
contourpy==1.3.1
    # via matplotlib
cycler==0.12.1
    # via matplotlib
databricks-sdk==0.48.0
    # via mlflow-skinny
datasets==3.5.0
    # via dspy
debugpy==1.8.13
    # via ipykernel
decorator==5.2.1
    # via ipython
defusedxml==0.7.1
    # via nbconvert
deprecated==1.2.18
    # via
    #   opentelemetry-api
    #   opentelemetry-semantic-conventions
dill==0.3.8
    # via
    #   datasets
    #   multiprocess
diskcache==5.6.3
    # via dspy
distro==1.9.0
    # via openai
docker==7.1.0
    # via mlflow
docstring-parser==0.16
    # via instructor
dspy==2.6.15
    # via dspy-examples (pyproject.toml)
eval-type-backport==0.2.2
    # via together
executing==2.2.0
    # via stack-data
fastapi==0.115.12
    # via mlflow-skinny
fastjsonschema==2.21.1
    # via nbformat
filelock==3.18.0
    # via
    #   datasets
    #   huggingface-hub
    #   together
flask==3.1.0
    # via mlflow
fonttools==4.56.0
    # via matplotlib
fqdn==1.5.1
    # via jsonschema
frozenlist==1.5.0
    # via
    #   aiohttp
    #   aiosignal
fsspec==2024.12.0
    # via
    #   datasets
    #   huggingface-hub
gitdb==4.0.12
    # via gitpython
gitpython==3.1.44
    # via mlflow-skinny
google-auth==2.38.0
    # via databricks-sdk
graphene==3.4.3
    # via mlflow
graphql-core==3.2.6
    # via
    #   graphene
    #   graphql-relay
graphql-relay==3.2.0
    # via graphene
gunicorn==23.0.0
    # via mlflow
h11==0.14.0
    # via
    #   httpcore
    #   uvicorn
httpcore==1.0.7
    # via httpx
httpx==0.28.1
    # via
    #   jupyterlab
    #   litellm
    #   openai
huggingface-hub==0.29.3
    # via
    #   datasets
    #   tokenizers
idna==3.10
    # via
    #   anyio
    #   httpx
    #   jsonschema
    #   requests
    #   yarl
importlib-metadata==8.6.1
    # via
    #   litellm
    #   mlflow-skinny
    #   opentelemetry-api
instructor==1.7.7
    # via dspy-examples (pyproject.toml)
ipykernel==6.29.5
    # via jupyterlab
ipython==9.0.2
    # via ipykernel
ipython-genutils==0.2.0
    # via jupyter-contrib-nbextensions
ipython-pygments-lexers==1.1.1
    # via ipython
isoduration==20.11.0
    # via jsonschema
itsdangerous==2.2.0
    # via flask
jedi==0.19.2
    # via ipython
jinja2==3.1.6
    # via
    #   flask
    #   instructor
    #   jupyter-server
    #   jupyterlab
    #   jupyterlab-server
    #   litellm
    #   mlflow
    #   nbconvert
jiter==0.8.2
    # via
    #   instructor
    #   openai
joblib==1.4.2
    # via
    #   dspy
    #   scikit-learn
json-repair==0.40.0
    # via dspy
json5==0.10.0
    # via jupyterlab-server
jsonpointer==3.0.0
    # via jsonschema
jsonschema==4.23.0
    # via
    #   jupyter-events
    #   jupyterlab-server
    #   litellm
    #   nbformat
jsonschema-specifications==2024.10.1
    # via jsonschema
jupyter-client==8.6.3
    # via
    #   ipykernel
    #   jupyter-server
    #   nbclient
jupyter-contrib-core==0.4.2
    # via
    #   jupyter-contrib-nbextensions
    #   jupyter-nbextensions-configurator
jupyter-contrib-nbextensions==0.7.0
    # via dspy-examples (pyproject.toml)
jupyter-core==5.7.2
    # via
    #   ipykernel
    #   jupyter-client
    #   jupyter-contrib-core
    #   jupyter-contrib-nbextensions
    #   jupyter-nbextensions-configurator
    #   jupyter-server
    #   jupyterlab
    #   nbclient
    #   nbconvert
    #   nbformat
jupyter-events==0.12.0
    # via jupyter-server
jupyter-highlight-selected-word==0.2.0
    # via jupyter-contrib-nbextensions
jupyter-lsp==2.2.5
    # via jupyterlab
jupyter-nbextensions-configurator==0.6.4
    # via jupyter-contrib-nbextensions
jupyter-server==2.15.0
    # via
    #   jupyter-lsp
    #   jupyter-nbextensions-configurator
    #   jupyterlab
    #   jupyterlab-server
    #   notebook
    #   notebook-shim
jupyter-server-terminals==0.5.3
    # via jupyter-server
jupyterlab==4.3.6
    # via notebook
jupyterlab-pygments==0.3.0
    # via nbconvert
jupyterlab-server==2.27.3
    # via
    #   jupyterlab
    #   notebook
kiwisolver==1.4.8
    # via matplotlib
litellm==1.63.7
    # via dspy
loguru==0.7.3
    # via dspy-examples (pyproject.toml)
lxml==5.3.1
    # via jupyter-contrib-nbextensions
magicattr==0.1.6
    # via dspy
mako==1.3.9
    # via alembic
markdown==3.7
    # via mlflow
markdown-it-py==3.0.0
    # via rich
markupsafe==3.0.2
    # via
    #   jinja2
    #   mako
    #   nbconvert
    #   werkzeug
matplotlib==3.10.1
    # via mlflow
matplotlib-inline==0.1.7
    # via
    #   ipykernel
    #   ipython
mdurl==0.1.2
    # via markdown-it-py
mistune==3.1.3
    # via nbconvert
mlflow==2.21.2
    # via dspy-examples (pyproject.toml)
mlflow-skinny==2.21.2
    # via mlflow
multidict==6.2.0
    # via
    #   aiohttp
    #   yarl
multiprocess==0.70.16
    # via datasets
mypy==1.15.0
    # via dspy-examples (pyproject.toml)
mypy-extensions==1.0.0
    # via mypy
nbclient==0.10.2
    # via nbconvert
nbconvert==7.16.6
    # via
    #   jupyter-contrib-nbextensions
    #   jupyter-server
nbformat==5.10.4
    # via
    #   jupyter-server
    #   nbclient
    #   nbconvert
nest-asyncio==1.6.0
    # via ipykernel
notebook==7.3.3
    # via
    #   jupyter-contrib-core
    #   jupyter-contrib-nbextensions
    #   jupyter-nbextensions-configurator
notebook-shim==0.2.4
    # via
    #   jupyterlab
    #   notebook
numpy==2.0.2
    # via
    #   bm25s
    #   contourpy
    #   datasets
    #   dspy
    #   matplotlib
    #   mlflow
    #   optuna
    #   pandas
    #   scikit-learn
    #   scipy
    #   together
openai==1.61.0
    # via
    #   dspy
    #   instructor
    #   litellm
opentelemetry-api==1.31.1
    # via
    #   mlflow-skinny
    #   opentelemetry-sdk
    #   opentelemetry-semantic-conventions
opentelemetry-sdk==1.31.1
    # via mlflow-skinny
opentelemetry-semantic-conventions==0.52b1
    # via opentelemetry-sdk
optuna==4.2.1
    # via dspy
overrides==7.7.0
    # via jupyter-server
packaging==24.2
    # via
    #   datasets
    #   gunicorn
    #   huggingface-hub
    #   ipykernel
    #   jupyter-events
    #   jupyter-server
    #   jupyterlab
    #   jupyterlab-server
    #   matplotlib
    #   mlflow-skinny
    #   nbconvert
    #   optuna
pandas==2.2.3
    # via
    #   datasets
    #   dspy
    #   mlflow
pandocfilters==1.5.1
    # via nbconvert
parso==0.8.4
    # via jedi
pexpect==4.9.0
    # via ipython
pillow==11.1.0
    # via
    #   matplotlib
    #   together
platformdirs==4.3.7
    # via jupyter-core
prometheus-client==0.21.1
    # via jupyter-server
prompt-toolkit==3.0.50
    # via ipython
propcache==0.3.1
    # via
    #   aiohttp
    #   yarl
protobuf==5.29.4
    # via mlflow-skinny
psutil==7.0.0
    # via ipykernel
ptyprocess==0.7.0
    # via
    #   pexpect
    #   terminado
pure-eval==0.2.3
    # via stack-data
pyarrow==19.0.1
    # via
    #   datasets
    #   mlflow
    #   together
pyasn1==0.6.1
    # via
    #   pyasn1-modules
    #   rsa
pyasn1-modules==0.4.1
    # via google-auth
pycparser==2.22
    # via cffi
pydantic==2.11.0
    # via
    #   dspy
    #   fastapi
    #   instructor
    #   litellm
    #   mlflow-skinny
    #   openai
    #   together
pydantic-core==2.33.0
    # via
    #   instructor
    #   pydantic
pygments==2.19.1
    # via
    #   ipython
    #   ipython-pygments-lexers
    #   nbconvert
    #   rich
pyparsing==3.2.3
    # via matplotlib
pystemmer==2.2.0.3
    # via dspy-examples (pyproject.toml)
python-dateutil==2.9.0.post0
    # via
    #   arrow
    #   graphene
    #   jupyter-client
    #   matplotlib
    #   pandas
python-dotenv==1.1.0
    # via litellm
python-json-logger==3.3.0
    # via jupyter-events
pytz==2025.2
    # via pandas
pyyaml==6.0.2
    # via
    #   datasets
    #   huggingface-hub
    #   jupyter-events
    #   jupyter-nbextensions-configurator
    #   mlflow-skinny
    #   optuna
pyzmq==26.3.0
    # via
    #   ipykernel
    #   jupyter-client
    #   jupyter-server
referencing==0.36.2
    # via
    #   jsonschema
    #   jsonschema-specifications
    #   jupyter-events
regex==2024.11.6
    # via
    #   dspy
    #   tiktoken
requests==2.32.3
    # via
    #   databricks-sdk
    #   datasets
    #   docker
    #   dspy
    #   huggingface-hub
    #   instructor
    #   jupyterlab-server
    #   mlflow-skinny
    #   tiktoken
    #   together
rfc3339-validator==0.1.4
    # via
    #   jsonschema
    #   jupyter-events
rfc3986-validator==0.1.1
    # via
    #   jsonschema
    #   jupyter-events
rich==13.9.4
    # via
    #   dspy
    #   instructor
    #   together
    #   typer
rpds-py==0.24.0
    # via
    #   jsonschema
    #   referencing
rsa==4.9
    # via google-auth
ruff==0.10.0
    # via dspy-examples (pyproject.toml)
scikit-learn==1.6.1
    # via mlflow
scipy==1.15.2
    # via
    #   bm25s
    #   mlflow
    #   scikit-learn
send2trash==1.8.3
    # via jupyter-server
setuptools==78.1.0
    # via
    #   jupyter-contrib-core
    #   jupyterlab
shellingham==1.5.4
    # via typer
six==1.17.0
    # via
    #   python-dateutil
    #   rfc3339-validator
smmap==5.0.2
    # via gitdb
sniffio==1.3.1
    # via
    #   anyio
    #   openai
soupsieve==2.6
    # via beautifulsoup4
sqlalchemy==2.0.40
    # via
    #   alembic
    #   mlflow
    #   optuna
sqlparse==0.5.3
    # via mlflow-skinny
stack-data==0.6.3
    # via ipython
starlette==0.46.1
    # via fastapi
tabulate==0.9.0
    # via together
tenacity==9.0.0
    # via
    #   dspy
    #   instructor
terminado==0.18.1
    # via
    #   jupyter-server
    #   jupyter-server-terminals
threadpoolctl==3.6.0
    # via scikit-learn
tiktoken==0.9.0
    # via litellm
tinycss2==1.4.0
    # via bleach
together==1.5.3
    # via dspy-examples (pyproject.toml)
tokenizers==0.21.1
    # via litellm
tornado==6.4.2
    # via
    #   ipykernel
    #   jupyter-client
    #   jupyter-contrib-core
    #   jupyter-contrib-nbextensions
    #   jupyter-nbextensions-configurator
    #   jupyter-server
    #   jupyterlab
    #   notebook
    #   terminado
tqdm==4.67.1
    # via
    #   datasets
    #   dspy
    #   huggingface-hub
    #   openai
    #   optuna
    #   together
traitlets==5.14.3
    # via
    #   comm
    #   ipykernel
    #   ipython
    #   jupyter-client
    #   jupyter-contrib-core
    #   jupyter-contrib-nbextensions
    #   jupyter-core
    #   jupyter-events
    #   jupyter-nbextensions-configurator
    #   jupyter-server
    #   jupyterlab
    #   matplotlib-inline
    #   nbclient
    #   nbconvert
    #   nbformat
typer==0.15.2
    # via
    #   instructor
    #   together
types-python-dateutil==2.9.0.20241206
    # via arrow
typing-extensions==4.13.0
    # via
    #   alembic
    #   anyio
    #   beautifulsoup4
    #   fastapi
    #   graphene
    #   huggingface-hub
    #   mlflow-skinny
    #   mypy
    #   openai
    #   opentelemetry-sdk
    #   pydantic
    #   pydantic-core
    #   referencing
    #   sqlalchemy
    #   typer
    #   typing-inspection
typing-inspection==0.4.0
    # via pydantic
tzdata==2025.2
    # via pandas
ujson==5.10.0
    # via dspy
uri-template==1.3.0
    # via jsonschema
urllib3==2.3.0
    # via
    #   docker
    #   requests
uvicorn==0.34.0
    # via mlflow-skinny
wcwidth==0.2.13
    # via prompt-toolkit
webcolors==24.11.1
    # via jsonschema
webencodings==0.5.1
    # via
    #   bleach
    #   tinycss2
websocket-client==1.8.0
    # via jupyter-server
werkzeug==3.1.3
    # via flask
wrapt==1.17.2
    # via deprecated
xxhash==3.5.0
    # via datasets
yarl==1.18.3
    # via aiohttp
zipp==3.21.0
    # via importlib-metadata
